
Microsoft Visual Studio Solution File, Format Version 12.00
# Visual Studio Version 16
VisualStudioVersion = 16.0.30517.126
MinimumVisualStudioVersion = 10.0.40219.1
Project("{8BC9CEB8-8B4A-11D0-8D11-00A0C91BC942}") = "Compulsory 1 2PRO201-1", "Compulsory 1 2PRO201-1.vcxproj", "{10625061-FAC5-4BA9-A07B-BC273B34D958}"
EndProject
Global
	GlobalSection(SolutionConfigurationPlatforms) = preSolution
		Debug|x64 = Debug|x64
		Debug|x86 = Debug|x86
		Release|x64 = Release|x64
		Release|x86 = Release|x86
	EndGlobalSection
	GlobalSection(ProjectConfigurationPlatforms) = postSolution
		{10625061-FAC5-4BA9-A07B-BC273B34D958}.Debug|x64.ActiveCfg = Debug|x64
		{10625061-FAC5-4BA9-A07B-BC273B34D958}.Debug|x64.Build.0 = Debug|x64
		{10625061-FAC5-4BA9-A07B-BC273B34D958}.Debug|x86.ActiveCfg = Debug|Win32
		{10625061-FAC5-4BA9-A07B-BC273B34D958}.Debug|x86.Build.0 = Debug|Win32
		{10625061-FAC5-4BA9-A07B-BC273B34D958}.Release|x64.ActiveCfg = Release|x64
		{10625061-FAC5-4BA9-A07B-BC273B34D958}.Release|x64.Build.0 = Release|x64
		{10625061-FAC5-4BA9-A07B-BC273B34D958}.Release|x86.ActiveCfg = Release|Win32
		{10625061-FAC5-4BA9-A07B-BC273B34D958}.Release|x86.Build.0 = Release|Win32
	EndGlobalSection
	GlobalSection(SolutionProperties) = preSolution
		HideSolutionNode = FALSE
	EndGlobalSection
	GlobalSection(ExtensibilityGlobals) = postSolution
		SolutionGuid = {6D32BA50-CFD4-4B63-97DB-DC31A7CACD82}
	EndGlobalSection
EndGlobal
